
Microsoft Visual Studio Solution File, Format Version 12.00
# Visual Studio Version 17
VisualStudioVersion = 17.4.33110.190
MinimumVisualStudioVersion = 10.0.40219.1
Project("{FAE04EC0-301F-11D3-BF4B-00C04F79EFBC}") = "TestTskApp", "TestTskApp\TestTskApp.csproj", "{1F0FFCBB-677E-4B18-B55B-8AB71ACA93B6}"
EndProject
Global
	GlobalSection(SolutionConfigurationPlatforms) = preSolution
		Debug|Any CPU = Debug|Any CPU
		Release|Any CPU = Release|Any CPU
	EndGlobalSection
	GlobalSection(ProjectConfigurationPlatforms) = postSolution
		{1F0FFCBB-677E-4B18-B55B-8AB71ACA93B6}.Debug|Any CPU.ActiveCfg = Debug|Any CPU
		{1F0FFCBB-677E-4B18-B55B-8AB71ACA93B6}.Debug|Any CPU.Build.0 = Debug|Any CPU
		{1F0FFCBB-677E-4B18-B55B-8AB71ACA93B6}.Release|Any CPU.ActiveCfg = Release|Any CPU
		{1F0FFCBB-677E-4B18-B55B-8AB71ACA93B6}.Release|Any CPU.Build.0 = Release|Any CPU
	EndGlobalSection
	GlobalSection(SolutionProperties) = preSolution
		HideSolutionNode = FALSE
	EndGlobalSection
	GlobalSection(ExtensibilityGlobals) = postSolution
		SolutionGuid = {BEACD01B-5FF8-44A9-8516-15BDD681501B}
	EndGlobalSection
EndGlobal
